
Microsoft Visual Studio Solution File, Format Version 12.00
# Visual Studio Version 16
VisualStudioVersion = 16.0.31727.386
MinimumVisualStudioVersion = 10.0.40219.1
Project("{FAE04EC0-301F-11D3-BF4B-00C04F79EFBC}") = "SPCollege", "SPCollege.csproj", "{325D5779-189A-49E6-863D-53F438A20738}"
EndProject
Global
	GlobalSection(SolutionConfigurationPlatforms) = preSolution
		Debug|Any CPU = Debug|Any CPU
		Release|Any CPU = Release|Any CPU
	EndGlobalSection
	GlobalSection(ProjectConfigurationPlatforms) = postSolution
		{325D5779-189A-49E6-863D-53F438A20738}.Debug|Any CPU.ActiveCfg = Debug|Any CPU
		{325D5779-189A-49E6-863D-53F438A20738}.Debug|Any CPU.Build.0 = Debug|Any CPU
		{325D5779-189A-49E6-863D-53F438A20738}.Release|Any CPU.ActiveCfg = Release|Any CPU
		{325D5779-189A-49E6-863D-53F438A20738}.Release|Any CPU.Build.0 = Release|Any CPU
	EndGlobalSection
	GlobalSection(SolutionProperties) = preSolution
		HideSolutionNode = FALSE
	EndGlobalSection
	GlobalSection(ExtensibilityGlobals) = postSolution
		SolutionGuid = {99001A72-630E-46BC-AE2A-7669A65669C9}
	EndGlobalSection
EndGlobal
